# Soldeer Lock File
# THIS IS AN AUTOGENERATED FILE. DO NOT EDIT THIS FILE DIRECTLY.
# Dependencies locked by soldeer package manager

# Example format:
# [[dependencies]]
# name = "@openzeppelin-contracts"
# version = "5.0.0"
# source = "https://soldeer.xyz/api/v1/@openzeppelin-contracts/5.0.0"
# checksum = "sha256:1234567890abcdef..."

# Add your dependencies to foundry.toml [dependencies] section
# Run `forge soldeer install` to generate this lock file